{
  "name": "yukios",
  "version": "0.0.1",
  "lockfileVersion": 1,
  "requires": true,
  "dependencies": {
    "colors": {
      "version": "1.2.1",
      "resolved": "https://registry.npmjs.org/colors/-/colors-1.2.1.tgz",
      "integrity": "sha512-s8+wktIuDSLffCywiwSxQOMqtPxML11a/dtHE17tMn4B1MSWw/C22EKf7M2KGUBcDaVFEGT+S8N02geDXeuNKg=="
    },
    "fontfaceobserver": {
      "version": "2.0.13",
      "resolved": "https://registry.npmjs.org/fontfaceobserver/-/fontfaceobserver-2.0.13.tgz",
      "integrity": "sha1-R627NDJh7amMtE2yFSGW/xJNMiE="
    },
    "terminal.js": {
      "version": "1.0.10",
      "resolved": "https://registry.npmjs.org/terminal.js/-/terminal.js-1.0.10.tgz",
      "integrity": "sha1-j6reJpnoVIdKQwFlkP31tdNPw8A="
    },
    "xterm": {
      "version": "3.5.1",
      "resolved": "https://registry.npmjs.org/xterm/-/xterm-3.5.1.tgz",
      "integrity": "sha512-syTMd35T+gDXKkDfwZz8CC685OsSnRujXMO+3lYcD9U+dG3FShc+Ydx71IEjfYg7TYqD+qv6SU9KAKMuiAIiAg=="
    }
  }
}
